
Microsoft Visual Studio Solution File, Format Version 12.00
# Visual Studio Version 17
VisualStudioVersion = 17.3.32519.111
MinimumVisualStudioVersion = 10.0.40219.1
Project("{9A19103F-16F7-4668-BE54-9A1E7A4F7556}") = "Blog", "Blog\Blog.csproj", "{1C361FEA-2649-464A-A1EF-141233200DE5}"
EndProject
Project("{2150E333-8FDC-42A3-9474-1A3956D46DE8}") = "src", "src", "{1455C072-807E-4324-B65A-75DF35E79147}"
EndProject
Project("{2150E333-8FDC-42A3-9474-1A3956D46DE8}") = "tests", "tests", "{DB2DC850-FA5D-465E-BA26-F32A8205ABF2}"
EndProject
Project("{2150E333-8FDC-42A3-9474-1A3956D46DE8}") = "Core", "Core", "{533ED583-4C32-48C2-ABA6-5C858C144DD6}"
EndProject
Project("{2150E333-8FDC-42A3-9474-1A3956D46DE8}") = "Infrastructure", "Infrastructure", "{522F73E8-8AB1-414D-882B-814D969F50FB}"
EndProject
Project("{2150E333-8FDC-42A3-9474-1A3956D46DE8}") = "Web", "Web", "{479907B0-EB39-4F84-B7FE-00E976C0E370}"
EndProject
Project("{FAE04EC0-301F-11D3-BF4B-00C04F79EFBC}") = "Blog.Domain", "Blog.Domain\Blog.Domain.csproj", "{3B7578F1-608F-462B-8413-B7385A123E67}"
EndProject
Project("{FAE04EC0-301F-11D3-BF4B-00C04F79EFBC}") = "Blog.Application", "Blog.Application\Blog.Application.csproj", "{63D39AD5-9AB6-403C-A7A6-C112CFA159F4}"
EndProject
Project("{FAE04EC0-301F-11D3-BF4B-00C04F79EFBC}") = "Blog.Infrastructure", "Blog.Infrastructure\Blog.Infrastructure.csproj", "{62569245-E26E-48CC-A9B3-F21467422B66}"
EndProject
Project("{2150E333-8FDC-42A3-9474-1A3956D46DE8}") = "Shared", "Shared", "{A43CA127-A77F-446A-971C-CDC9624850AC}"
EndProject
Project("{FAE04EC0-301F-11D3-BF4B-00C04F79EFBC}") = "Shared.Abstractions", "Shared\Shared.Abstractions.csproj", "{E5D0CA33-5EB5-4634-A1DD-53D8D55411DE}"
EndProject
Project("{2150E333-8FDC-42A3-9474-1A3956D46DE8}") = "Core", "Core", "{8DAE4815-87ED-4F42-A11A-4A50E6898F03}"
EndProject
Project("{FAE04EC0-301F-11D3-BF4B-00C04F79EFBC}") = "Blog.Domain.Tests", "Blog.Domain.Tests\Blog.Domain.Tests.csproj", "{5740F775-1378-49BD-AACA-81A9A5BB1331}"
EndProject
Global
	GlobalSection(SolutionConfigurationPlatforms) = preSolution
		Debug|Any CPU = Debug|Any CPU
		Release|Any CPU = Release|Any CPU
	EndGlobalSection
	GlobalSection(ProjectConfigurationPlatforms) = postSolution
		{1C361FEA-2649-464A-A1EF-141233200DE5}.Debug|Any CPU.ActiveCfg = Debug|Any CPU
		{1C361FEA-2649-464A-A1EF-141233200DE5}.Debug|Any CPU.Build.0 = Debug|Any CPU
		{1C361FEA-2649-464A-A1EF-141233200DE5}.Release|Any CPU.ActiveCfg = Release|Any CPU
		{1C361FEA-2649-464A-A1EF-141233200DE5}.Release|Any CPU.Build.0 = Release|Any CPU
		{3B7578F1-608F-462B-8413-B7385A123E67}.Debug|Any CPU.ActiveCfg = Debug|Any CPU
		{3B7578F1-608F-462B-8413-B7385A123E67}.Debug|Any CPU.Build.0 = Debug|Any CPU
		{3B7578F1-608F-462B-8413-B7385A123E67}.Release|Any CPU.ActiveCfg = Release|Any CPU
		{3B7578F1-608F-462B-8413-B7385A123E67}.Release|Any CPU.Build.0 = Release|Any CPU
		{63D39AD5-9AB6-403C-A7A6-C112CFA159F4}.Debug|Any CPU.ActiveCfg = Debug|Any CPU
		{63D39AD5-9AB6-403C-A7A6-C112CFA159F4}.Debug|Any CPU.Build.0 = Debug|Any CPU
		{63D39AD5-9AB6-403C-A7A6-C112CFA159F4}.Release|Any CPU.ActiveCfg = Release|Any CPU
		{63D39AD5-9AB6-403C-A7A6-C112CFA159F4}.Release|Any CPU.Build.0 = Release|Any CPU
		{62569245-E26E-48CC-A9B3-F21467422B66}.Debug|Any CPU.ActiveCfg = Debug|Any CPU
		{62569245-E26E-48CC-A9B3-F21467422B66}.Debug|Any CPU.Build.0 = Debug|Any CPU
		{62569245-E26E-48CC-A9B3-F21467422B66}.Release|Any CPU.ActiveCfg = Release|Any CPU
		{62569245-E26E-48CC-A9B3-F21467422B66}.Release|Any CPU.Build.0 = Release|Any CPU
		{E5D0CA33-5EB5-4634-A1DD-53D8D55411DE}.Debug|Any CPU.ActiveCfg = Debug|Any CPU
		{E5D0CA33-5EB5-4634-A1DD-53D8D55411DE}.Debug|Any CPU.Build.0 = Debug|Any CPU
		{E5D0CA33-5EB5-4634-A1DD-53D8D55411DE}.Release|Any CPU.ActiveCfg = Release|Any CPU
		{E5D0CA33-5EB5-4634-A1DD-53D8D55411DE}.Release|Any CPU.Build.0 = Release|Any CPU
		{5740F775-1378-49BD-AACA-81A9A5BB1331}.Debug|Any CPU.ActiveCfg = Debug|Any CPU
		{5740F775-1378-49BD-AACA-81A9A5BB1331}.Debug|Any CPU.Build.0 = Debug|Any CPU
		{5740F775-1378-49BD-AACA-81A9A5BB1331}.Release|Any CPU.ActiveCfg = Release|Any CPU
		{5740F775-1378-49BD-AACA-81A9A5BB1331}.Release|Any CPU.Build.0 = Release|Any CPU
	EndGlobalSection
	GlobalSection(SolutionProperties) = preSolution
		HideSolutionNode = FALSE
	EndGlobalSection
	GlobalSection(NestedProjects) = preSolution
		{533ED583-4C32-48C2-ABA6-5C858C144DD6} = {1455C072-807E-4324-B65A-75DF35E79147}
		{522F73E8-8AB1-414D-882B-814D969F50FB} = {1455C072-807E-4324-B65A-75DF35E79147}
		{479907B0-EB39-4F84-B7FE-00E976C0E370} = {1455C072-807E-4324-B65A-75DF35E79147}
		{3B7578F1-608F-462B-8413-B7385A123E67} = {533ED583-4C32-48C2-ABA6-5C858C144DD6}
		{63D39AD5-9AB6-403C-A7A6-C112CFA159F4} = {533ED583-4C32-48C2-ABA6-5C858C144DD6}
		{62569245-E26E-48CC-A9B3-F21467422B66} = {522F73E8-8AB1-414D-882B-814D969F50FB}
		{A43CA127-A77F-446A-971C-CDC9624850AC} = {1455C072-807E-4324-B65A-75DF35E79147}
		{E5D0CA33-5EB5-4634-A1DD-53D8D55411DE} = {A43CA127-A77F-446A-971C-CDC9624850AC}
		{8DAE4815-87ED-4F42-A11A-4A50E6898F03} = {DB2DC850-FA5D-465E-BA26-F32A8205ABF2}
		{5740F775-1378-49BD-AACA-81A9A5BB1331} = {8DAE4815-87ED-4F42-A11A-4A50E6898F03}
	EndGlobalSection
	GlobalSection(ExtensibilityGlobals) = postSolution
		SolutionGuid = {EAB29810-26F3-4A30-A0D4-94C08116DB71}
	EndGlobalSection
EndGlobal
